
Microsoft Visual Studio Solution File, Format Version 12.00
# Visual Studio Version 16
VisualStudioVersion = 16.0.31410.357
MinimumVisualStudioVersion = 10.0.40219.1
Project("{FAE04EC0-301F-11D3-BF4B-00C04F79EFBC}") = "Grupo2Seminario3", "Grupo2Seminario3\Grupo2Seminario3.csproj", "{A89BCCB1-0902-41AA-9435-3EF2B0CAE67E}"
EndProject
Global
	GlobalSection(SolutionConfigurationPlatforms) = preSolution
		Debug|Any CPU = Debug|Any CPU
		Release|Any CPU = Release|Any CPU
	EndGlobalSection
	GlobalSection(ProjectConfigurationPlatforms) = postSolution
		{A89BCCB1-0902-41AA-9435-3EF2B0CAE67E}.Debug|Any CPU.ActiveCfg = Debug|Any CPU
		{A89BCCB1-0902-41AA-9435-3EF2B0CAE67E}.Debug|Any CPU.Build.0 = Debug|Any CPU
		{A89BCCB1-0902-41AA-9435-3EF2B0CAE67E}.Release|Any CPU.ActiveCfg = Release|Any CPU
		{A89BCCB1-0902-41AA-9435-3EF2B0CAE67E}.Release|Any CPU.Build.0 = Release|Any CPU
	EndGlobalSection
	GlobalSection(SolutionProperties) = preSolution
		HideSolutionNode = FALSE
	EndGlobalSection
	GlobalSection(ExtensibilityGlobals) = postSolution
		SolutionGuid = {19C2221B-4118-4990-8D6D-9FAF6B8B0A83}
	EndGlobalSection
EndGlobal
